
Microsoft Visual Studio Solution File, Format Version 12.00
# Visual Studio Version 17
VisualStudioVersion = 17.9.34728.123
MinimumVisualStudioVersion = 10.0.40219.1
Project("{FAE04EC0-301F-11D3-BF4B-00C04F79EFBC}") = "WeatherPRO", "WeatherPRO.csproj", "{1F1CAFD5-F4F9-494A-8663-54ECD1099FD0}"
EndProject
Global
	GlobalSection(SolutionConfigurationPlatforms) = preSolution
		Debug|Any CPU = Debug|Any CPU
		Release|Any CPU = Release|Any CPU
	EndGlobalSection
	GlobalSection(ProjectConfigurationPlatforms) = postSolution
		{1F1CAFD5-F4F9-494A-8663-54ECD1099FD0}.Debug|Any CPU.ActiveCfg = Debug|Any CPU
		{1F1CAFD5-F4F9-494A-8663-54ECD1099FD0}.Debug|Any CPU.Build.0 = Debug|Any CPU
		{1F1CAFD5-F4F9-494A-8663-54ECD1099FD0}.Release|Any CPU.ActiveCfg = Release|Any CPU
		{1F1CAFD5-F4F9-494A-8663-54ECD1099FD0}.Release|Any CPU.Build.0 = Release|Any CPU
	EndGlobalSection
	GlobalSection(SolutionProperties) = preSolution
		HideSolutionNode = FALSE
	EndGlobalSection
	GlobalSection(ExtensibilityGlobals) = postSolution
		SolutionGuid = {2421E805-2B8C-455C-9AF1-C9177B5DA071}
	EndGlobalSection
EndGlobal
